
Microsoft Visual Studio Solution File, Format Version 12.00
# Visual Studio 15
VisualStudioVersion = 15.0.28307.102
MinimumVisualStudioVersion = 10.0.40219.1
Project("{FAE04EC0-301F-11D3-BF4B-00C04F79EFBC}") = "nlove_inclass05", "nlove_inclass05\nlove_inclass05.csproj", "{0BD6C8E0-749B-45F0-850F-E7496BC00A66}"
EndProject
Global
	GlobalSection(SolutionConfigurationPlatforms) = preSolution
		Debug|Any CPU = Debug|Any CPU
		Release|Any CPU = Release|Any CPU
	EndGlobalSection
	GlobalSection(ProjectConfigurationPlatforms) = postSolution
		{0BD6C8E0-749B-45F0-850F-E7496BC00A66}.Debug|Any CPU.ActiveCfg = Debug|Any CPU
		{0BD6C8E0-749B-45F0-850F-E7496BC00A66}.Debug|Any CPU.Build.0 = Debug|Any CPU
		{0BD6C8E0-749B-45F0-850F-E7496BC00A66}.Release|Any CPU.ActiveCfg = Release|Any CPU
		{0BD6C8E0-749B-45F0-850F-E7496BC00A66}.Release|Any CPU.Build.0 = Release|Any CPU
	EndGlobalSection
	GlobalSection(SolutionProperties) = preSolution
		HideSolutionNode = FALSE
	EndGlobalSection
	GlobalSection(ExtensibilityGlobals) = postSolution
		SolutionGuid = {1790A54E-6B00-47A4-9559-200ED53B48F4}
	EndGlobalSection
EndGlobal
